// !$*UTF8*$!
{
	archiveVersion = 1;
	classes = {
	};
	objectVersion = 46;
	objects = {

/* Begin PBXBuildFile section */
		79C483302CE6CB9AD3A57803 /* Pods_NovigationTest.framework in Frameworks */ = {isa = PBXBuildFile; fileRef = 9B17BE260BA55D624BF63BE9 /* Pods_NovigationTest.framework */; };
		C3FF8F561E7B50D200897C0B /* AppDelegate.swift in Sources */ = {isa = PBXBuildFile; fileRef = C3FF8F551E7B50D200897C0B /* AppDelegate.swift */; };
		C3FF8F581E7B50D200897C0B /* ViewController.swift in Sources */ = {isa = PBXBuildFile; fileRef = C3FF8F571E7B50D200897C0B /* ViewController.swift */; };
		C3FF8F5B1E7B50D200897C0B /* Main.storyboard in Resources */ = {isa = PBXBuildFile; fileRef = C3FF8F591E7B50D200897C0B /* Main.storyboard */; };
		C3FF8F5D1E7B50D200897C0B /* Assets.xcassets in Resources */ = {isa = PBXBuildFile; fileRef = C3FF8F5C1E7B50D200897C0B /* Assets.xcassets */; };
		C3FF8F601E7B50D200897C0B /* LaunchScreen.storyboard in Resources */ = {isa = PBXBuildFile; fileRef = C3FF8F5E1E7B50D200897C0B /* LaunchScreen.storyboard */; };
		C3FF8F681E7B517200897C0B /* PresentedNavigationController.swift in Sources */ = {isa = PBXBuildFile; fileRef = C3FF8F671E7B517200897C0B /* PresentedNavigationController.swift */; };
		C3FF8F6A1E7B51A000897C0B /* PresentedRootViewController.swift in Sources */ = {isa = PBXBuildFile; fileRef = C3FF8F691E7B51A000897C0B /* PresentedRootViewController.swift */; };
/* End PBXBuildFile section */

/* Begin PBXFileReference section */
		439F83672483153761127B87 /* Pods-NovigationTest.release.xcconfig */ = {isa = PBXFileReference; includeInIndex = 1; lastKnownFileType = text.xcconfig; name = "Pods-NovigationTest.release.xcconfig"; path = "Pods/Target Support Files/Pods-NovigationTest/Pods-NovigationTest.release.xcconfig"; sourceTree = "<group>"; };
		4E9AEB021470E9DD9D468AB5 /* Pods-NovigationTest.debug.xcconfig */ = {isa = PBXFileReference; includeInIndex = 1; lastKnownFileType = text.xcconfig; name = "Pods-NovigationTest.debug.xcconfig"; path = "Pods/Target Support Files/Pods-NovigationTest/Pods-NovigationTest.debug.xcconfig"; sourceTree = "<group>"; };
		9B17BE260BA55D624BF63BE9 /* Pods_NovigationTest.framework */ = {isa = PBXFileReference; explicitFileType = wrapper.framework; includeInIndex = 0; path = Pods_NovigationTest.framework; sourceTree = BUILT_PRODUCTS_DIR; };
		C3FF8F521E7B50D200897C0B /* NovigationTest.app */ = {isa = PBXFileReference; explicitFileType = wrapper.application; includeInIndex = 0; path = NovigationTest.app; sourceTree = BUILT_PRODUCTS_DIR; };
		C3FF8F551E7B50D200897C0B /* AppDelegate.swift */ = {isa = PBXFileReference; lastKnownFileType = sourcecode.swift; path = AppDelegate.swift; sourceTree = "<group>"; };
		C3FF8F571E7B50D200897C0B /* ViewController.swift */ = {isa = PBXFileReference; lastKnownFileType = sourcecode.swift; path = ViewController.swift; sourceTree = "<group>"; };
		C3FF8F5A1E7B50D200897C0B /* Base */ = {isa = PBXFileReference; lastKnownFileType = file.storyboard; name = Base; path = Base.lproj/Main.storyboard; sourceTree = "<group>"; };
		C3FF8F5C1E7B50D200897C0B /* Assets.xcassets */ = {isa = PBXFileReference; lastKnownFileType = folder.assetcatalog; path = Assets.xcassets; sourceTree = "<group>"; };
		C3FF8F5F1E7B50D200897C0B /* Base */ = {isa = PBXFileReference; lastKnownFileType = file.storyboard; name = Base; path = Base.lproj/LaunchScreen.storyboard; sourceTree = "<group>"; };
		C3FF8F611E7B50D200897C0B /* Info.plist */ = {isa = PBXFileReference; lastKnownFileType = text.plist.xml; path = Info.plist; sourceTree = "<group>"; };
		C3FF8F671E7B517200897C0B /* PresentedNavigationController.swift */ = {isa = PBXFileReference; fileEncoding = 4; lastKnownFileType = sourcecode.swift; path = PresentedNavigationController.swift; sourceTree = "<group>"; };
		C3FF8F691E7B51A000897C0B /* PresentedRootViewController.swift */ = {isa = PBXFileReference; fileEncoding = 4; lastKnownFileType = sourcecode.swift; path = PresentedRootViewController.swift; sourceTree = "<group>"; };
/* End PBXFileReference section */

/* Begin PBXFrameworksBuildPhase section */
		C3FF8F4F1E7B50D200897C0B /* Frameworks */ = {
			isa = PBXFrameworksBuildPhase;
			buildActionMask = 2147483647;
			files = (
				79C483302CE6CB9AD3A57803 /* Pods_NovigationTest.framework in Frameworks */,
			);
			runOnlyForDeploymentPostprocessing = 0;
		};
/* End PBXFrameworksBuildPhase section */

/* Begin PBXGroup section */
		260DC6F32B5A8733F8DEC9FB /* Frameworks */ = {
			isa = PBXGroup;
			children = (
				9B17BE260BA55D624BF63BE9 /* Pods_NovigationTest.framework */,
			);
			name = Frameworks;
			sourceTree = "<group>";
		};
		5877C6BD39A44E0C06F93DAC /* Pods */ = {
			isa = PBXGroup;
			children = (
				4E9AEB021470E9DD9D468AB5 /* Pods-NovigationTest.debug.xcconfig */,
				439F83672483153761127B87 /* Pods-NovigationTest.release.xcconfig */,
			);
			name = Pods;
			sourceTree = "<group>";
		};
		C3FF8F491E7B50D200897C0B = {
			isa = PBXGroup;
			children = (
				C3FF8F541E7B50D200897C0B /* NovigationTest */,
				C3FF8F531E7B50D200897C0B /* Products */,
				5877C6BD39A44E0C06F93DAC /* Pods */,
				260DC6F32B5A8733F8DEC9FB /* Frameworks */,
			);
			sourceTree = "<group>";
		};
		C3FF8F531E7B50D200897C0B /* Products */ = {
			isa = PBXGroup;
			children = (
				C3FF8F521E7B50D200897C0B /* NovigationTest.app */,
			);
			name = Products;
			sourceTree = "<group>";
		};
		C3FF8F541E7B50D200897C0B /* NovigationTest */ = {
			isa = PBXGroup;
			children = (
				C3FF8F551E7B50D200897C0B /* AppDelegate.swift */,
				C3FF8F571E7B50D200897C0B /* ViewController.swift */,
				C3FF8F591E7B50D200897C0B /* Main.storyboard */,
				C3FF8F5C1E7B50D200897C0B /* Assets.xcassets */,
				C3FF8F5E1E7B50D200897C0B /* LaunchScreen.storyboard */,
				C3FF8F611E7B50D200897C0B /* Info.plist */,
				C3FF8F671E7B517200897C0B /* PresentedNavigationController.swift */,
				C3FF8F691E7B51A000897C0B /* PresentedRootViewController.swift */,
			);
			path = NovigationTest;
			sourceTree = "<group>";
		};
/* End PBXGroup section */

/* Begin PBXNativeTarget section */
		C3FF8F511E7B50D200897C0B /* NovigationTest */ = {
			isa = PBXNativeTarget;
			buildConfigurationList = C3FF8F641E7B50D200897C0B /* Build configuration list for PBXNativeTarget "NovigationTest" */;
			buildPhases = (
				CAE04B9B1C36AA31EDCE4B09 /* [CP] Check Pods Manifest.lock */,
				C3FF8F4E1E7B50D200897C0B /* Sources */,
				C3FF8F4F1E7B50D200897C0B /* Frameworks */,
				C3FF8F501E7B50D200897C0B /* Resources */,
				F17104D6F79AF891198D7F95 /* [CP] Embed Pods Frameworks */,
				6894790CA8C906D138A9AA3A /* [CP] Copy Pods Resources */,
			);
			buildRules = (
			);
			dependencies = (
			);
			name = NovigationTest;
			productName = NovigationTest;
			productReference = C3FF8F521E7B50D200897C0B /* NovigationTest.app */;
			productType = "com.apple.product-type.application";
		};
/* End PBXNativeTarget section */

/* Begin PBXProject section */
		C3FF8F4A1E7B50D200897C0B /* Project object */ = {
			isa = PBXProject;
			attributes = {
				LastSwiftUpdateCheck = 0820;
				LastUpgradeCheck = 0820;
				ORGANIZATIONNAME = "Jon Vogel";
				TargetAttributes = {
					C3FF8F511E7B50D200897C0B = {
						CreatedOnToolsVersion = 8.2.1;
						ProvisioningStyle = Automatic;
					};
				};
			};
			buildConfigurationList = C3FF8F4D1E7B50D200897C0B /* Build configuration list for PBXProject "NovigationTest" */;
			compatibilityVersion = "Xcode 3.2";
			developmentRegion = English;
			hasScannedForEncodings = 0;
			knownRegions = (
				en,
				Base,
			);
			mainGroup = C3FF8F491E7B50D200897C0B;
			productRefGroup = C3FF8F531E7B50D200897C0B /* Products */;
			projectDirPath = "";
			projectRoot = "";
			targets = (
				C3FF8F511E7B50D200897C0B /* NovigationTest */,
			);
		};
/* End PBXProject section */

/* Begin PBXResourcesBuildPhase section */
		C3FF8F501E7B50D200897C0B /* Resources */ = {
			isa = PBXResourcesBuildPhase;
			buildActionMask = 2147483647;
			files = (
				C3FF8F601E7B50D200897C0B /* LaunchScreen.storyboard in Resources */,
				C3FF8F5D1E7B50D200897C0B /* Assets.xcassets in Resources */,
				C3FF8F5B1E7B50D200897C0B /* Main.storyboard in Resources */,
			);
			runOnlyForDeploymentPostprocessing = 0;
		};
/* End PBXResourcesBuildPhase section */

/* Begin PBXShellScriptBuildPhase section */
		6894790CA8C906D138A9AA3A /* [CP] Copy Pods Resources */ = {
			isa = PBXShellScriptBuildPhase;
			buildActionMask = 2147483647;
			files = (
			);
			inputPaths = (
			);
			name = "[CP] Copy Pods Resources";
			outputPaths = (
			);
			runOnlyForDeploymentPostprocessing = 0;
			shellPath = /bin/sh;
			shellScript = "\"${SRCROOT}/Pods/Target Support Files/Pods-NovigationTest/Pods-NovigationTest-resources.sh\"\n";
			showEnvVarsInLog = 0;
		};
		CAE04B9B1C36AA31EDCE4B09 /* [CP] Check Pods Manifest.lock */ = {
			isa = PBXShellScriptBuildPhase;
			buildActionMask = 2147483647;
			files = (
			);
			inputPaths = (
			);
			name = "[CP] Check Pods Manifest.lock";
			outputPaths = (
			);
			runOnlyForDeploymentPostprocessing = 0;
			shellPath = /bin/sh;
			shellScript = "diff \"${PODS_ROOT}/../Podfile.lock\" \"${PODS_ROOT}/Manifest.lock\" > /dev/null\nif [ $? != 0 ] ; then\n    # print error to STDERR\n    echo \"error: The sandbox is not in sync with the Podfile.lock. Run 'pod install' or update your CocoaPods installation.\" >&2\n    exit 1\nfi\n";
			showEnvVarsInLog = 0;
		};
		F17104D6F79AF891198D7F95 /* [CP] Embed Pods Frameworks */ = {
			isa = PBXShellScriptBuildPhase;
			buildActionMask = 2147483647;
			files = (
			);
			inputPaths = (
			);
			name = "[CP] Embed Pods Frameworks";
			outputPaths = (
			);
			runOnlyForDeploymentPostprocessing = 0;
			shellPath = /bin/sh;
			shellScript = "\"${SRCROOT}/Pods/Target Support Files/Pods-NovigationTest/Pods-NovigationTest-frameworks.sh\"\n";
			showEnvVarsInLog = 0;
		};
/* End PBXShellScriptBuildPhase section */

/* Begin PBXSourcesBuildPhase section */
		C3FF8F4E1E7B50D200897C0B /* Sources */ = {
			isa = PBXSourcesBuildPhase;
			buildActionMask = 2147483647;
			files = (
				C3FF8F681E7B517200897C0B /* PresentedNavigationController.swift in Sources */,
				C3FF8F581E7B50D200897C0B /* ViewController.swift in Sources */,
				C3FF8F561E7B50D200897C0B /* AppDelegate.swift in Sources */,
				C3FF8F6A1E7B51A000897C0B /* PresentedRootViewController.swift in Sources */,
			);
			runOnlyForDeploymentPostprocessing = 0;
		};
/* End PBXSourcesBuildPhase section */

/* Begin PBXVariantGroup section */
		C3FF8F591E7B50D200897C0B /* Main.storyboard */ = {
			isa = PBXVariantGroup;
			children = (
				C3FF8F5A1E7B50D200897C0B /* Base */,
			);
			name = Main.storyboard;
			sourceTree = "<group>";
		};
		C3FF8F5E1E7B50D200897C0B /* LaunchScreen.storyboard */ = {
			isa = PBXVariantGroup;
			children = (
				C3FF8F5F1E7B50D200897C0B /* Base */,
			);
			name = LaunchScreen.storyboard;
			sourceTree = "<group>";
		};
/* End PBXVariantGroup section */

/* Begin XCBuildConfiguration section */
		C3FF8F621E7B50D200897C0B /* Debug */ = {
			isa = XCBuildConfiguration;
			buildSettings = {
				ALWAYS_SEARCH_USER_PATHS = NO;
				CLANG_ANALYZER_NONNULL = YES;
				CLANG_CXX_LANGUAGE_STANDARD = "gnu++0x";
				CLANG_CXX_LIBRARY = "libc++";
				CLANG_ENABLE_MODULES = YES;
				CLANG_ENABLE_OBJC_ARC = YES;
				CLANG_WARN_BOOL_CONVERSION = YES;
				CLANG_WARN_CONSTANT_CONVERSION = YES;
				CLANG_WARN_DIRECT_OBJC_ISA_USAGE = YES_ERROR;
				CLANG_WARN_DOCUMENTATION_COMMENTS = YES;
				CLANG_WARN_EMPTY_BODY = YES;
				CLANG_WARN_ENUM_CONVERSION = YES;
				CLANG_WARN_INFINITE_RECURSION = YES;
				CLANG_WARN_INT_CONVERSION = YES;
				CLANG_WARN_OBJC_ROOT_CLASS = YES_ERROR;
				CLANG_WARN_SUSPICIOUS_MOVE = YES;
				CLANG_WARN_UNREACHABLE_CODE = YES;
				CLANG_WARN__DUPLICATE_METHOD_MATCH = YES;
				"CODE_SIGN_IDENTITY[sdk=iphoneos*]" = "iPhone Developer";
				COPY_PHASE_STRIP = NO;
				DEBUG_INFORMATION_FORMAT = dwarf;
				ENABLE_STRICT_OBJC_MSGSEND = YES;
				ENABLE_TESTABILITY = YES;
				GCC_C_LANGUAGE_STANDARD = gnu99;
				GCC_DYNAMIC_NO_PIC = NO;
				GCC_NO_COMMON_BLOCKS = YES;
				GCC_OPTIMIZATION_LEVEL = 0;
				GCC_PREPROCESSOR_DEFINITIONS = (
					"DEBUG=1",
					"$(inherited)",
				);
				GCC_WARN_64_TO_32_BIT_CONVERSION = YES;
				GCC_WARN_ABOUT_RETURN_TYPE = YES_ERROR;
				GCC_WARN_UNDECLARED_SELECTOR = YES;
				GCC_WARN_UNINITIALIZED_AUTOS = YES_AGGRESSIVE;
				GCC_WARN_UNUSED_FUNCTION = YES;
				GCC_WARN_UNUSED_VARIABLE = YES;
				IPHONEOS_DEPLOYMENT_TARGET = 10.2;
				MTL_ENABLE_DEBUG_INFO = YES;
				ONLY_ACTIVE_ARCH = YES;
				SDKROOT = iphoneos;
				SWIFT_ACTIVE_COMPILATION_CONDITIONS = DEBUG;
				SWIFT_OPTIMIZATION_LEVEL = "-Onone";
				TARGETED_DEVICE_FAMILY = "1,2";
			};
			name = Debug;
		};
		C3FF8F631E7B50D200897C0B /* Release */ = {
			isa = XCBuildConfiguration;
			buildSettings = {
				ALWAYS_SEARCH_USER_PATHS = NO;
				CLANG_ANALYZER_NONNULL = YES;
				CLANG_CXX_LANGUAGE_STANDARD = "gnu++0x";
				CLANG_CXX_LIBRARY = "libc++";
				CLANG_ENABLE_MODULES = YES;
				CLANG_ENABLE_OBJC_ARC = YES;
				CLANG_WARN_BOOL_CONVERSION = YES;
				CLANG_WARN_CONSTANT_CONVERSION = YES;
				CLANG_WARN_DIRECT_OBJC_ISA_USAGE = YES_ERROR;
				CLANG_WARN_DOCUMENTATION_COMMENTS = YES;
				CLANG_WARN_EMPTY_BODY = YES;
				CLANG_WARN_ENUM_CONVERSION = YES;
				CLANG_WARN_INFINITE_RECURSION = YES;
				CLANG_WARN_INT_CONVERSION = YES;
				CLANG_WARN_OBJC_ROOT_CLASS = YES_ERROR;
				CLANG_WARN_SUSPICIOUS_MOVE = YES;
				CLANG_WARN_UNREACHABLE_CODE = YES;
				CLANG_WARN__DUPLICATE_METHOD_MATCH = YES;
				"CODE_SIGN_IDENTITY[sdk=iphoneos*]" = "iPhone Developer";
				COPY_PHASE_STRIP = NO;
				DEBUG_INFORMATION_FORMAT = "dwarf-with-dsym";
				ENABLE_NS_ASSERTIONS = NO;
				ENABLE_STRICT_OBJC_MSGSEND = YES;
				GCC_C_LANGUAGE_STANDARD = gnu99;
				GCC_NO_COMMON_BLOCKS = YES;
				GCC_WARN_64_TO_32_BIT_CONVERSION = YES;
				GCC_WARN_ABOUT_RETURN_TYPE = YES_ERROR;
				GCC_WARN_UNDECLARED_SELECTOR = YES;
				GCC_WARN_UNINITIALIZED_AUTOS = YES_AGGRESSIVE;
				GCC_WARN_UNUSED_FUNCTION = YES;
				GCC_WARN_UNUSED_VARIABLE = YES;
				IPHONEOS_DEPLOYMENT_TARGET = 10.2;
				MTL_ENABLE_DEBUG_INFO = NO;
				SDKROOT = iphoneos;
				SWIFT_OPTIMIZATION_LEVEL = "-Owholemodule";
				TARGETED_DEVICE_FAMILY = "1,2";
				VALIDATE_PRODUCT = YES;
			};
			name = Release;
		};
		C3FF8F651E7B50D200897C0B /* Debug */ = {
			isa = XCBuildConfiguration;
			baseConfigurationReference = 4E9AEB021470E9DD9D468AB5 /* Pods-NovigationTest.debug.xcconfig */;
			buildSettings = {
				ASSETCATALOG_COMPILER_APPICON_NAME = AppIcon;
				INFOPLIST_FILE = NovigationTest/Info.plist;
				LD_RUNPATH_SEARCH_PATHS = "$(inherited) @executable_path/Frameworks";
				PRODUCT_BUNDLE_IDENTIFIER = com.NovigationTest;
				PRODUCT_NAME = "$(TARGET_NAME)";
				SWIFT_VERSION = 3.0;
			};
			name = Debug;
		};
		C3FF8F661E7B50D200897C0B /* Release */ = {
			isa = XCBuildConfiguration;
			baseConfigurationReference = 439F83672483153761127B87 /* Pods-NovigationTest.release.xcconfig */;
			buildSettings = {
				ASSETCATALOG_COMPILER_APPICON_NAME = AppIcon;
				INFOPLIST_FILE = NovigationTest/Info.plist;
				LD_RUNPATH_SEARCH_PATHS = "$(inherited) @executable_path/Frameworks";
				PRODUCT_BUNDLE_IDENTIFIER = com.NovigationTest;
				PRODUCT_NAME = "$(TARGET_NAME)";
				SWIFT_VERSION = 3.0;
			};
			name = Release;
		};
/* End XCBuildConfiguration section */

/* Begin XCConfigurationList section */
		C3FF8F4D1E7B50D200897C0B /* Build configuration list for PBXProject "NovigationTest" */ = {
			isa = XCConfigurationList;
			buildConfigurations = (
				C3FF8F621E7B50D200897C0B /* Debug */,
				C3FF8F631E7B50D200897C0B /* Release */,
			);
			defaultConfigurationIsVisible = 0;
			defaultConfigurationName = Release;
		};
		C3FF8F641E7B50D200897C0B /* Build configuration list for PBXNativeTarget "NovigationTest" */ = {
			isa = XCConfigurationList;
			buildConfigurations = (
				C3FF8F651E7B50D200897C0B /* Debug */,
				C3FF8F661E7B50D200897C0B /* Release */,
			);
			defaultConfigurationIsVisible = 0;
			defaultConfigurationName = Release;
		};
/* End XCConfigurationList section */
	};
	rootObject = C3FF8F4A1E7B50D200897C0B /* Project object */;
}
